
Microsoft Visual Studio Solution File, Format Version 12.00
# Visual Studio Version 17
VisualStudioVersion = 17.9.34714.143
MinimumVisualStudioVersion = 10.0.40219.1
Project("{FAE04EC0-301F-11D3-BF4B-00C04F79EFBC}") = "MinimalChatApp", "MinimalChatApp\MinimalChatApp.csproj", "{1BB1FD32-3963-42F3-A0C7-8A60D983B06A}"
EndProject
Project("{FAE04EC0-301F-11D3-BF4B-00C04F79EFBC}") = "MinimalChatApp.DomainModel", "MinimalChatApp.DomainModel\MinimalChatApp.DomainModel.csproj", "{20028459-E17D-46C0-A864-4A5866C0BBA1}"
EndProject
Project("{FAE04EC0-301F-11D3-BF4B-00C04F79EFBC}") = "MinimalChatApp.Core", "MinimalChatApp.Core\MinimalChatApp.Core.csproj", "{BFC0269F-F59D-46FB-9E79-AE469929460C}"
EndProject
Global
	GlobalSection(SolutionConfigurationPlatforms) = preSolution
		Debug|Any CPU = Debug|Any CPU
		Release|Any CPU = Release|Any CPU
	EndGlobalSection
	GlobalSection(ProjectConfigurationPlatforms) = postSolution
		{1BB1FD32-3963-42F3-A0C7-8A60D983B06A}.Debug|Any CPU.ActiveCfg = Debug|Any CPU
		{1BB1FD32-3963-42F3-A0C7-8A60D983B06A}.Debug|Any CPU.Build.0 = Debug|Any CPU
		{1BB1FD32-3963-42F3-A0C7-8A60D983B06A}.Release|Any CPU.ActiveCfg = Release|Any CPU
		{1BB1FD32-3963-42F3-A0C7-8A60D983B06A}.Release|Any CPU.Build.0 = Release|Any CPU
		{20028459-E17D-46C0-A864-4A5866C0BBA1}.Debug|Any CPU.ActiveCfg = Debug|Any CPU
		{20028459-E17D-46C0-A864-4A5866C0BBA1}.Debug|Any CPU.Build.0 = Debug|Any CPU
		{20028459-E17D-46C0-A864-4A5866C0BBA1}.Release|Any CPU.ActiveCfg = Release|Any CPU
		{20028459-E17D-46C0-A864-4A5866C0BBA1}.Release|Any CPU.Build.0 = Release|Any CPU
		{BFC0269F-F59D-46FB-9E79-AE469929460C}.Debug|Any CPU.ActiveCfg = Debug|Any CPU
		{BFC0269F-F59D-46FB-9E79-AE469929460C}.Debug|Any CPU.Build.0 = Debug|Any CPU
		{BFC0269F-F59D-46FB-9E79-AE469929460C}.Release|Any CPU.ActiveCfg = Release|Any CPU
		{BFC0269F-F59D-46FB-9E79-AE469929460C}.Release|Any CPU.Build.0 = Release|Any CPU
	EndGlobalSection
	GlobalSection(SolutionProperties) = preSolution
		HideSolutionNode = FALSE
	EndGlobalSection
	GlobalSection(ExtensibilityGlobals) = postSolution
		SolutionGuid = {2BE0E92F-155F-4ED0-91C6-5D43040494F5}
	EndGlobalSection
EndGlobal
